
Microsoft Visual Studio Solution File, Format Version 12.00
# Visual Studio 2012
Project("{FAE04EC0-301F-11D3-BF4B-00C04F79EFBC}") = "MvxTemplate.Core", "MvxTemplate.Core\MvxTemplate.Core.csproj", "{30EC970B-092A-4E1F-B12F-0219C0D27737}"
EndProject
Project("{FAE04EC0-301F-11D3-BF4B-00C04F79EFBC}") = "MvxTemplate.Android", "MvxTemplate.Android\MvxTemplate.Android.csproj", "{C5F45EEF-7AC7-413D-A219-ADC49ED6797F}"
EndProject
Project("{FAE04EC0-301F-11D3-BF4B-00C04F79EFBC}") = "MvxTemplate.iOS", "MvxTemplate.iOS\MvxTemplate.iOS.csproj", "{869E63E8-015D-4C55-AB32-0BC0FFA69013}"
EndProject
Project("{2150E333-8FDC-42A3-9474-1A3956D46DE8}") = "ThirdParty", "ThirdParty", "{CE3D2272-2B70-402F-AC9E-A8B6ACC292A4}"
EndProject
Project("{2150E333-8FDC-42A3-9474-1A3956D46DE8}") = "iOS", "iOS", "{AE62C85C-00AB-4383-9F6E-49769533166E}"
EndProject
Project("{2150E333-8FDC-42A3-9474-1A3956D46DE8}") = "Android", "Android", "{D8B753F7-7827-4741-AC76-C63CBA16DDCD}"
EndProject
Global
	GlobalSection(SolutionConfigurationPlatforms) = preSolution
		Ad-Hoc|Any CPU = Ad-Hoc|Any CPU
		Ad-Hoc|iPhone = Ad-Hoc|iPhone
		Ad-Hoc|iPhoneSimulator = Ad-Hoc|iPhoneSimulator
		Ad-Hoc|Mixed Platforms = Ad-Hoc|Mixed Platforms
		AppStore|Any CPU = AppStore|Any CPU
		AppStore|iPhone = AppStore|iPhone
		AppStore|iPhoneSimulator = AppStore|iPhoneSimulator
		AppStore|Mixed Platforms = AppStore|Mixed Platforms
		Debug|Any CPU = Debug|Any CPU
		Debug|iPhone = Debug|iPhone
		Debug|iPhoneSimulator = Debug|iPhoneSimulator
		Debug|Mixed Platforms = Debug|Mixed Platforms
		Release|Any CPU = Release|Any CPU
		Release|iPhone = Release|iPhone
		Release|iPhoneSimulator = Release|iPhoneSimulator
		Release|Mixed Platforms = Release|Mixed Platforms
	EndGlobalSection
	GlobalSection(ProjectConfigurationPlatforms) = postSolution
		{30EC970B-092A-4E1F-B12F-0219C0D27737}.Ad-Hoc|Any CPU.ActiveCfg = Release|Any CPU
		{30EC970B-092A-4E1F-B12F-0219C0D27737}.Ad-Hoc|Any CPU.Build.0 = Release|Any CPU
		{30EC970B-092A-4E1F-B12F-0219C0D27737}.Ad-Hoc|iPhone.ActiveCfg = Release|Any CPU
		{30EC970B-092A-4E1F-B12F-0219C0D27737}.Ad-Hoc|iPhoneSimulator.ActiveCfg = Release|Any CPU
		{30EC970B-092A-4E1F-B12F-0219C0D27737}.Ad-Hoc|Mixed Platforms.ActiveCfg = Release|Any CPU
		{30EC970B-092A-4E1F-B12F-0219C0D27737}.Ad-Hoc|Mixed Platforms.Build.0 = Release|Any CPU
		{30EC970B-092A-4E1F-B12F-0219C0D27737}.AppStore|Any CPU.ActiveCfg = Release|Any CPU
		{30EC970B-092A-4E1F-B12F-0219C0D27737}.AppStore|Any CPU.Build.0 = Release|Any CPU
		{30EC970B-092A-4E1F-B12F-0219C0D27737}.AppStore|iPhone.ActiveCfg = Release|Any CPU
		{30EC970B-092A-4E1F-B12F-0219C0D27737}.AppStore|iPhoneSimulator.ActiveCfg = Release|Any CPU
		{30EC970B-092A-4E1F-B12F-0219C0D27737}.AppStore|Mixed Platforms.ActiveCfg = Release|Any CPU
		{30EC970B-092A-4E1F-B12F-0219C0D27737}.AppStore|Mixed Platforms.Build.0 = Release|Any CPU
		{30EC970B-092A-4E1F-B12F-0219C0D27737}.Debug|Any CPU.ActiveCfg = Debug|Any CPU
		{30EC970B-092A-4E1F-B12F-0219C0D27737}.Debug|Any CPU.Build.0 = Debug|Any CPU
		{30EC970B-092A-4E1F-B12F-0219C0D27737}.Debug|iPhone.ActiveCfg = Debug|Any CPU
		{30EC970B-092A-4E1F-B12F-0219C0D27737}.Debug|iPhoneSimulator.ActiveCfg = Debug|Any CPU
		{30EC970B-092A-4E1F-B12F-0219C0D27737}.Debug|Mixed Platforms.ActiveCfg = Debug|Any CPU
		{30EC970B-092A-4E1F-B12F-0219C0D27737}.Debug|Mixed Platforms.Build.0 = Debug|Any CPU
		{30EC970B-092A-4E1F-B12F-0219C0D27737}.Release|Any CPU.ActiveCfg = Release|Any CPU
		{30EC970B-092A-4E1F-B12F-0219C0D27737}.Release|Any CPU.Build.0 = Release|Any CPU
		{30EC970B-092A-4E1F-B12F-0219C0D27737}.Release|iPhone.ActiveCfg = Release|Any CPU
		{30EC970B-092A-4E1F-B12F-0219C0D27737}.Release|iPhoneSimulator.ActiveCfg = Release|Any CPU
		{30EC970B-092A-4E1F-B12F-0219C0D27737}.Release|Mixed Platforms.ActiveCfg = Release|Any CPU
		{30EC970B-092A-4E1F-B12F-0219C0D27737}.Release|Mixed Platforms.Build.0 = Release|Any CPU
		{C5F45EEF-7AC7-413D-A219-ADC49ED6797F}.Ad-Hoc|Any CPU.ActiveCfg = Release|Any CPU
		{C5F45EEF-7AC7-413D-A219-ADC49ED6797F}.Ad-Hoc|Any CPU.Build.0 = Release|Any CPU
		{C5F45EEF-7AC7-413D-A219-ADC49ED6797F}.Ad-Hoc|Any CPU.Deploy.0 = Release|Any CPU
		{C5F45EEF-7AC7-413D-A219-ADC49ED6797F}.Ad-Hoc|iPhone.ActiveCfg = Release|Any CPU
		{C5F45EEF-7AC7-413D-A219-ADC49ED6797F}.Ad-Hoc|iPhoneSimulator.ActiveCfg = Release|Any CPU
		{C5F45EEF-7AC7-413D-A219-ADC49ED6797F}.Ad-Hoc|Mixed Platforms.ActiveCfg = Release|Any CPU
		{C5F45EEF-7AC7-413D-A219-ADC49ED6797F}.Ad-Hoc|Mixed Platforms.Build.0 = Release|Any CPU
		{C5F45EEF-7AC7-413D-A219-ADC49ED6797F}.Ad-Hoc|Mixed Platforms.Deploy.0 = Release|Any CPU
		{C5F45EEF-7AC7-413D-A219-ADC49ED6797F}.AppStore|Any CPU.ActiveCfg = Release|Any CPU
		{C5F45EEF-7AC7-413D-A219-ADC49ED6797F}.AppStore|Any CPU.Build.0 = Release|Any CPU
		{C5F45EEF-7AC7-413D-A219-ADC49ED6797F}.AppStore|Any CPU.Deploy.0 = Release|Any CPU
		{C5F45EEF-7AC7-413D-A219-ADC49ED6797F}.AppStore|iPhone.ActiveCfg = Release|Any CPU
		{C5F45EEF-7AC7-413D-A219-ADC49ED6797F}.AppStore|iPhoneSimulator.ActiveCfg = Release|Any CPU
		{C5F45EEF-7AC7-413D-A219-ADC49ED6797F}.AppStore|Mixed Platforms.ActiveCfg = Release|Any CPU
		{C5F45EEF-7AC7-413D-A219-ADC49ED6797F}.AppStore|Mixed Platforms.Build.0 = Release|Any CPU
		{C5F45EEF-7AC7-413D-A219-ADC49ED6797F}.AppStore|Mixed Platforms.Deploy.0 = Release|Any CPU
		{C5F45EEF-7AC7-413D-A219-ADC49ED6797F}.Debug|Any CPU.ActiveCfg = Debug|Any CPU
		{C5F45EEF-7AC7-413D-A219-ADC49ED6797F}.Debug|Any CPU.Build.0 = Debug|Any CPU
		{C5F45EEF-7AC7-413D-A219-ADC49ED6797F}.Debug|Any CPU.Deploy.0 = Debug|Any CPU
		{C5F45EEF-7AC7-413D-A219-ADC49ED6797F}.Debug|iPhone.ActiveCfg = Debug|Any CPU
		{C5F45EEF-7AC7-413D-A219-ADC49ED6797F}.Debug|iPhoneSimulator.ActiveCfg = Debug|Any CPU
		{C5F45EEF-7AC7-413D-A219-ADC49ED6797F}.Debug|Mixed Platforms.ActiveCfg = Debug|Any CPU
		{C5F45EEF-7AC7-413D-A219-ADC49ED6797F}.Debug|Mixed Platforms.Build.0 = Debug|Any CPU
		{C5F45EEF-7AC7-413D-A219-ADC49ED6797F}.Debug|Mixed Platforms.Deploy.0 = Debug|Any CPU
		{C5F45EEF-7AC7-413D-A219-ADC49ED6797F}.Release|Any CPU.ActiveCfg = Release|Any CPU
		{C5F45EEF-7AC7-413D-A219-ADC49ED6797F}.Release|Any CPU.Build.0 = Release|Any CPU
		{C5F45EEF-7AC7-413D-A219-ADC49ED6797F}.Release|Any CPU.Deploy.0 = Release|Any CPU
		{C5F45EEF-7AC7-413D-A219-ADC49ED6797F}.Release|iPhone.ActiveCfg = Release|Any CPU
		{C5F45EEF-7AC7-413D-A219-ADC49ED6797F}.Release|iPhoneSimulator.ActiveCfg = Release|Any CPU
		{C5F45EEF-7AC7-413D-A219-ADC49ED6797F}.Release|Mixed Platforms.ActiveCfg = Release|Any CPU
		{C5F45EEF-7AC7-413D-A219-ADC49ED6797F}.Release|Mixed Platforms.Build.0 = Release|Any CPU
		{C5F45EEF-7AC7-413D-A219-ADC49ED6797F}.Release|Mixed Platforms.Deploy.0 = Release|Any CPU
		{869E63E8-015D-4C55-AB32-0BC0FFA69013}.Ad-Hoc|Any CPU.ActiveCfg = Ad-Hoc|iPhone
		{869E63E8-015D-4C55-AB32-0BC0FFA69013}.Ad-Hoc|iPhone.ActiveCfg = Ad-Hoc|iPhone
		{869E63E8-015D-4C55-AB32-0BC0FFA69013}.Ad-Hoc|iPhone.Build.0 = Ad-Hoc|iPhone
		{869E63E8-015D-4C55-AB32-0BC0FFA69013}.Ad-Hoc|iPhoneSimulator.ActiveCfg = Ad-Hoc|iPhoneSimulator
		{869E63E8-015D-4C55-AB32-0BC0FFA69013}.Ad-Hoc|iPhoneSimulator.Build.0 = Ad-Hoc|iPhoneSimulator
		{869E63E8-015D-4C55-AB32-0BC0FFA69013}.Ad-Hoc|Mixed Platforms.ActiveCfg = Ad-Hoc|iPhone
		{869E63E8-015D-4C55-AB32-0BC0FFA69013}.Ad-Hoc|Mixed Platforms.Build.0 = Ad-Hoc|iPhone
		{869E63E8-015D-4C55-AB32-0BC0FFA69013}.AppStore|Any CPU.ActiveCfg = AppStore|iPhone
		{869E63E8-015D-4C55-AB32-0BC0FFA69013}.AppStore|iPhone.ActiveCfg = AppStore|iPhone
		{869E63E8-015D-4C55-AB32-0BC0FFA69013}.AppStore|iPhone.Build.0 = AppStore|iPhone
		{869E63E8-015D-4C55-AB32-0BC0FFA69013}.AppStore|iPhoneSimulator.ActiveCfg = AppStore|iPhoneSimulator
		{869E63E8-015D-4C55-AB32-0BC0FFA69013}.AppStore|iPhoneSimulator.Build.0 = AppStore|iPhoneSimulator
		{869E63E8-015D-4C55-AB32-0BC0FFA69013}.AppStore|Mixed Platforms.ActiveCfg = AppStore|iPhone
		{869E63E8-015D-4C55-AB32-0BC0FFA69013}.AppStore|Mixed Platforms.Build.0 = AppStore|iPhone
		{869E63E8-015D-4C55-AB32-0BC0FFA69013}.Debug|Any CPU.ActiveCfg = Debug|iPhone
		{869E63E8-015D-4C55-AB32-0BC0FFA69013}.Debug|iPhone.ActiveCfg = Debug|iPhone
		{869E63E8-015D-4C55-AB32-0BC0FFA69013}.Debug|iPhone.Build.0 = Debug|iPhone
		{869E63E8-015D-4C55-AB32-0BC0FFA69013}.Debug|iPhoneSimulator.ActiveCfg = Debug|iPhoneSimulator
		{869E63E8-015D-4C55-AB32-0BC0FFA69013}.Debug|iPhoneSimulator.Build.0 = Debug|iPhoneSimulator
		{869E63E8-015D-4C55-AB32-0BC0FFA69013}.Debug|Mixed Platforms.ActiveCfg = Debug|iPhone
		{869E63E8-015D-4C55-AB32-0BC0FFA69013}.Debug|Mixed Platforms.Build.0 = Debug|iPhone
		{869E63E8-015D-4C55-AB32-0BC0FFA69013}.Release|Any CPU.ActiveCfg = Release|iPhone
		{869E63E8-015D-4C55-AB32-0BC0FFA69013}.Release|iPhone.ActiveCfg = Release|iPhone
		{869E63E8-015D-4C55-AB32-0BC0FFA69013}.Release|iPhone.Build.0 = Release|iPhone
		{869E63E8-015D-4C55-AB32-0BC0FFA69013}.Release|iPhoneSimulator.ActiveCfg = Release|iPhoneSimulator
		{869E63E8-015D-4C55-AB32-0BC0FFA69013}.Release|iPhoneSimulator.Build.0 = Release|iPhoneSimulator
		{869E63E8-015D-4C55-AB32-0BC0FFA69013}.Release|Mixed Platforms.ActiveCfg = Release|iPhone
		{869E63E8-015D-4C55-AB32-0BC0FFA69013}.Release|Mixed Platforms.Build.0 = Release|iPhone
	EndGlobalSection
	GlobalSection(SolutionProperties) = preSolution
		HideSolutionNode = FALSE
	EndGlobalSection
	GlobalSection(NestedProjects) = preSolution
		{AE62C85C-00AB-4383-9F6E-49769533166E} = {CE3D2272-2B70-402F-AC9E-A8B6ACC292A4}
		{D8B753F7-7827-4741-AC76-C63CBA16DDCD} = {CE3D2272-2B70-402F-AC9E-A8B6ACC292A4}
	EndGlobalSection
EndGlobal
